
Microsoft Visual Studio Solution File, Format Version 12.00
# Visual Studio Version 16
VisualStudioVersion = 16.0.30503.244
MinimumVisualStudioVersion = 10.0.40219.1
Project("{FAE04EC0-301F-11D3-BF4B-00C04F79EFBC}") = "MC.Website", "MC.Website\MC.Website.csproj", "{D66D8DD9-294D-4B33-8075-36D2217C7492}"
EndProject
Project("{FAE04EC0-301F-11D3-BF4B-00C04F79EFBC}") = "MC.Data", "MC.Data\MC.Data.csproj", "{BA9D7689-90C9-48E4-99F6-0EC420E17FEB}"
EndProject
Global
	GlobalSection(SolutionConfigurationPlatforms) = preSolution
		Debug|Any CPU = Debug|Any CPU
		Release|Any CPU = Release|Any CPU
	EndGlobalSection
	GlobalSection(ProjectConfigurationPlatforms) = postSolution
		{D66D8DD9-294D-4B33-8075-36D2217C7492}.Debug|Any CPU.ActiveCfg = Debug|Any CPU
		{D66D8DD9-294D-4B33-8075-36D2217C7492}.Debug|Any CPU.Build.0 = Debug|Any CPU
		{D66D8DD9-294D-4B33-8075-36D2217C7492}.Release|Any CPU.ActiveCfg = Release|Any CPU
		{D66D8DD9-294D-4B33-8075-36D2217C7492}.Release|Any CPU.Build.0 = Release|Any CPU
		{BA9D7689-90C9-48E4-99F6-0EC420E17FEB}.Debug|Any CPU.ActiveCfg = Debug|Any CPU
		{BA9D7689-90C9-48E4-99F6-0EC420E17FEB}.Debug|Any CPU.Build.0 = Debug|Any CPU
		{BA9D7689-90C9-48E4-99F6-0EC420E17FEB}.Release|Any CPU.ActiveCfg = Release|Any CPU
		{BA9D7689-90C9-48E4-99F6-0EC420E17FEB}.Release|Any CPU.Build.0 = Release|Any CPU
	EndGlobalSection
	GlobalSection(SolutionProperties) = preSolution
		HideSolutionNode = FALSE
	EndGlobalSection
	GlobalSection(ExtensibilityGlobals) = postSolution
		SolutionGuid = {4EF9640E-20B8-4484-A0E1-38E9C02C8FFF}
	EndGlobalSection
EndGlobal
