
Microsoft Visual Studio Solution File, Format Version 12.00
# Visual Studio Version 17
VisualStudioVersion = 17.3.32922.545
MinimumVisualStudioVersion = 10.0.40219.1
Project("{FAE04EC0-301F-11D3-BF4B-00C04F79EFBC}") = "MC.Website", "MC.Website\MC.Website.csproj", "{F3FF6B9C-8398-4143-B853-1612371C50B7}"
EndProject
Project("{FAE04EC0-301F-11D3-BF4B-00C04F79EFBC}") = "MC.Data", "MC.Data\MC.Data.csproj", "{2A5D865D-10A3-4441-B23F-5770F8BC8139}"
EndProject
Global
	GlobalSection(SolutionConfigurationPlatforms) = preSolution
		Debug|Any CPU = Debug|Any CPU
		Release|Any CPU = Release|Any CPU
	EndGlobalSection
	GlobalSection(ProjectConfigurationPlatforms) = postSolution
		{F3FF6B9C-8398-4143-B853-1612371C50B7}.Debug|Any CPU.ActiveCfg = Debug|Any CPU
		{F3FF6B9C-8398-4143-B853-1612371C50B7}.Debug|Any CPU.Build.0 = Debug|Any CPU
		{F3FF6B9C-8398-4143-B853-1612371C50B7}.Release|Any CPU.ActiveCfg = Release|Any CPU
		{F3FF6B9C-8398-4143-B853-1612371C50B7}.Release|Any CPU.Build.0 = Release|Any CPU
		{2A5D865D-10A3-4441-B23F-5770F8BC8139}.Debug|Any CPU.ActiveCfg = Debug|Any CPU
		{2A5D865D-10A3-4441-B23F-5770F8BC8139}.Debug|Any CPU.Build.0 = Debug|Any CPU
		{2A5D865D-10A3-4441-B23F-5770F8BC8139}.Release|Any CPU.ActiveCfg = Release|Any CPU
		{2A5D865D-10A3-4441-B23F-5770F8BC8139}.Release|Any CPU.Build.0 = Release|Any CPU
	EndGlobalSection
	GlobalSection(SolutionProperties) = preSolution
		HideSolutionNode = FALSE
	EndGlobalSection
	GlobalSection(ExtensibilityGlobals) = postSolution
		SolutionGuid = {B7A82A6A-D31B-48CB-B485-467EC222B9FD}
	EndGlobalSection
EndGlobal
